
Microsoft Visual Studio Solution File, Format Version 12.00
# Visual Studio Version 17
VisualStudioVersion = 17.0.32126.317
MinimumVisualStudioVersion = 10.0.40219.1
Project("{2150E333-8FDC-42A3-9474-1A3956D46DE8}") = "Domain", "Domain", "{2A7D85C7-28DD-4BDF-993F-247DC062C426}"
EndProject
Project("{9A19103F-16F7-4668-BE54-9A1E7A4F7556}") = "Domain.Entities", "Domain.Entities\Domain.Entities.csproj", "{55498956-FD27-431A-BECC-092A5F1EC64A}"
EndProject
Project("{9A19103F-16F7-4668-BE54-9A1E7A4F7556}") = "Domain.Enums", "Domain.Enums\Domain.Enums.csproj", "{B200367A-90C1-4174-A41E-42F484B605C8}"
EndProject
Project("{2150E333-8FDC-42A3-9474-1A3956D46DE8}") = "Data", "Data", "{5A45BCD0-B29C-4E21-91E5-E06EF53C3E32}"
EndProject
Project("{2150E333-8FDC-42A3-9474-1A3956D46DE8}") = "Middleware", "Middleware", "{7E4F7F24-446B-42F1-99C4-C39A4B8B852E}"
EndProject
Project("{9A19103F-16F7-4668-BE54-9A1E7A4F7556}") = "Middleware.Exceptions", "Middleware.Exceptions\Middleware.Exceptions.csproj", "{3855FFAE-95B8-4F4E-A98A-0AE943675671}"
EndProject
Project("{9A19103F-16F7-4668-BE54-9A1E7A4F7556}") = "Data.Interfaces", "Data.Interfaces\Data.Interfaces.csproj", "{F7EF8541-DE03-4AC4-9A20-5EEA57E17776}"
EndProject
Project("{9A19103F-16F7-4668-BE54-9A1E7A4F7556}") = "Data.Repository", "Data.Repository\Data.Repository.csproj", "{CCEC6154-D28A-4CE3-B8DD-F50E3500CC3A}"
EndProject
Project("{9A19103F-16F7-4668-BE54-9A1E7A4F7556}") = "Data.Infra", "Data.Infra\Data.Infra.csproj", "{4D7850A1-ADFA-4042-91D9-D4CE88D4DAAB}"
EndProject
Project("{2150E333-8FDC-42A3-9474-1A3956D46DE8}") = "Infra", "Infra", "{687A5FA8-3430-4727-AF82-47AE3CA952A7}"
EndProject
Project("{9A19103F-16F7-4668-BE54-9A1E7A4F7556}") = "Infra.IoC", "Infra.IoC\Infra.IoC.csproj", "{93EABEE0-7163-4DA9-82D0-270763D1FF46}"
EndProject
Project("{2150E333-8FDC-42A3-9474-1A3956D46DE8}") = "Application", "Application", "{B794B56B-E8D3-4871-8FB7-3B2076D75D2F}"
EndProject
Project("{9A19103F-16F7-4668-BE54-9A1E7A4F7556}") = "Application.Core", "Application.Core\Application.Core.csproj", "{AE4207A7-7596-4043-8BC0-90BDB49B458A}"
EndProject
Project("{2150E333-8FDC-42A3-9474-1A3956D46DE8}") = "WebApi", "WebApi", "{FABC4F2F-5632-4790-8817-2E7C1FA3A318}"
EndProject
Project("{9A19103F-16F7-4668-BE54-9A1E7A4F7556}") = "WebApi.API", "WebApi.API\WebApi.API.csproj", "{946F98CD-1386-4580-AFC9-92E5388A171D}"
EndProject
Project("{9A19103F-16F7-4668-BE54-9A1E7A4F7556}") = "Data.UnitOfWork", "Data.UnitOfWork\Data.UnitOfWork.csproj", "{F476347F-B102-450A-A332-76BB8FE27C15}"
EndProject
Project("{9A19103F-16F7-4668-BE54-9A1E7A4F7556}") = "Middleware.Notifications", "Middleware.Notifications\Middleware.Notifications.csproj", "{FA709450-41A1-4636-9959-427F3E085779}"
EndProject
Project("{9A19103F-16F7-4668-BE54-9A1E7A4F7556}") = "Middleware.Extensions", "Middleware.Extensions\Middleware.Extensions.csproj", "{09FA3B61-E0F2-417A-9280-2F1597C562C3}"
EndProject
Project("{FAE04EC0-301F-11D3-BF4B-00C04F79EFBC}") = "Middleware.Security", "Middleware.Security\Middleware.Security.csproj", "{2675A3E8-A884-433C-A967-1E7E2F391FB3}"
EndProject
Global
	GlobalSection(SolutionConfigurationPlatforms) = preSolution
		Debug|Any CPU = Debug|Any CPU
		Release|Any CPU = Release|Any CPU
	EndGlobalSection
	GlobalSection(ProjectConfigurationPlatforms) = postSolution
		{55498956-FD27-431A-BECC-092A5F1EC64A}.Debug|Any CPU.ActiveCfg = Debug|Any CPU
		{55498956-FD27-431A-BECC-092A5F1EC64A}.Debug|Any CPU.Build.0 = Debug|Any CPU
		{55498956-FD27-431A-BECC-092A5F1EC64A}.Release|Any CPU.ActiveCfg = Release|Any CPU
		{55498956-FD27-431A-BECC-092A5F1EC64A}.Release|Any CPU.Build.0 = Release|Any CPU
		{B200367A-90C1-4174-A41E-42F484B605C8}.Debug|Any CPU.ActiveCfg = Debug|Any CPU
		{B200367A-90C1-4174-A41E-42F484B605C8}.Debug|Any CPU.Build.0 = Debug|Any CPU
		{B200367A-90C1-4174-A41E-42F484B605C8}.Release|Any CPU.ActiveCfg = Release|Any CPU
		{B200367A-90C1-4174-A41E-42F484B605C8}.Release|Any CPU.Build.0 = Release|Any CPU
		{3855FFAE-95B8-4F4E-A98A-0AE943675671}.Debug|Any CPU.ActiveCfg = Debug|Any CPU
		{3855FFAE-95B8-4F4E-A98A-0AE943675671}.Debug|Any CPU.Build.0 = Debug|Any CPU
		{3855FFAE-95B8-4F4E-A98A-0AE943675671}.Release|Any CPU.ActiveCfg = Release|Any CPU
		{3855FFAE-95B8-4F4E-A98A-0AE943675671}.Release|Any CPU.Build.0 = Release|Any CPU
		{F7EF8541-DE03-4AC4-9A20-5EEA57E17776}.Debug|Any CPU.ActiveCfg = Debug|Any CPU
		{F7EF8541-DE03-4AC4-9A20-5EEA57E17776}.Debug|Any CPU.Build.0 = Debug|Any CPU
		{F7EF8541-DE03-4AC4-9A20-5EEA57E17776}.Release|Any CPU.ActiveCfg = Release|Any CPU
		{F7EF8541-DE03-4AC4-9A20-5EEA57E17776}.Release|Any CPU.Build.0 = Release|Any CPU
		{CCEC6154-D28A-4CE3-B8DD-F50E3500CC3A}.Debug|Any CPU.ActiveCfg = Debug|Any CPU
		{CCEC6154-D28A-4CE3-B8DD-F50E3500CC3A}.Debug|Any CPU.Build.0 = Debug|Any CPU
		{CCEC6154-D28A-4CE3-B8DD-F50E3500CC3A}.Release|Any CPU.ActiveCfg = Release|Any CPU
		{CCEC6154-D28A-4CE3-B8DD-F50E3500CC3A}.Release|Any CPU.Build.0 = Release|Any CPU
		{4D7850A1-ADFA-4042-91D9-D4CE88D4DAAB}.Debug|Any CPU.ActiveCfg = Debug|Any CPU
		{4D7850A1-ADFA-4042-91D9-D4CE88D4DAAB}.Debug|Any CPU.Build.0 = Debug|Any CPU
		{4D7850A1-ADFA-4042-91D9-D4CE88D4DAAB}.Release|Any CPU.ActiveCfg = Release|Any CPU
		{4D7850A1-ADFA-4042-91D9-D4CE88D4DAAB}.Release|Any CPU.Build.0 = Release|Any CPU
		{93EABEE0-7163-4DA9-82D0-270763D1FF46}.Debug|Any CPU.ActiveCfg = Debug|Any CPU
		{93EABEE0-7163-4DA9-82D0-270763D1FF46}.Debug|Any CPU.Build.0 = Debug|Any CPU
		{93EABEE0-7163-4DA9-82D0-270763D1FF46}.Release|Any CPU.ActiveCfg = Release|Any CPU
		{93EABEE0-7163-4DA9-82D0-270763D1FF46}.Release|Any CPU.Build.0 = Release|Any CPU
		{AE4207A7-7596-4043-8BC0-90BDB49B458A}.Debug|Any CPU.ActiveCfg = Debug|Any CPU
		{AE4207A7-7596-4043-8BC0-90BDB49B458A}.Debug|Any CPU.Build.0 = Debug|Any CPU
		{AE4207A7-7596-4043-8BC0-90BDB49B458A}.Release|Any CPU.ActiveCfg = Release|Any CPU
		{AE4207A7-7596-4043-8BC0-90BDB49B458A}.Release|Any CPU.Build.0 = Release|Any CPU
		{946F98CD-1386-4580-AFC9-92E5388A171D}.Debug|Any CPU.ActiveCfg = Debug|Any CPU
		{946F98CD-1386-4580-AFC9-92E5388A171D}.Debug|Any CPU.Build.0 = Debug|Any CPU
		{946F98CD-1386-4580-AFC9-92E5388A171D}.Release|Any CPU.ActiveCfg = Release|Any CPU
		{946F98CD-1386-4580-AFC9-92E5388A171D}.Release|Any CPU.Build.0 = Release|Any CPU
		{F476347F-B102-450A-A332-76BB8FE27C15}.Debug|Any CPU.ActiveCfg = Debug|Any CPU
		{F476347F-B102-450A-A332-76BB8FE27C15}.Debug|Any CPU.Build.0 = Debug|Any CPU
		{F476347F-B102-450A-A332-76BB8FE27C15}.Release|Any CPU.ActiveCfg = Release|Any CPU
		{F476347F-B102-450A-A332-76BB8FE27C15}.Release|Any CPU.Build.0 = Release|Any CPU
		{FA709450-41A1-4636-9959-427F3E085779}.Debug|Any CPU.ActiveCfg = Debug|Any CPU
		{FA709450-41A1-4636-9959-427F3E085779}.Debug|Any CPU.Build.0 = Debug|Any CPU
		{FA709450-41A1-4636-9959-427F3E085779}.Release|Any CPU.ActiveCfg = Release|Any CPU
		{FA709450-41A1-4636-9959-427F3E085779}.Release|Any CPU.Build.0 = Release|Any CPU
		{09FA3B61-E0F2-417A-9280-2F1597C562C3}.Debug|Any CPU.ActiveCfg = Debug|Any CPU
		{09FA3B61-E0F2-417A-9280-2F1597C562C3}.Debug|Any CPU.Build.0 = Debug|Any CPU
		{09FA3B61-E0F2-417A-9280-2F1597C562C3}.Release|Any CPU.ActiveCfg = Release|Any CPU
		{09FA3B61-E0F2-417A-9280-2F1597C562C3}.Release|Any CPU.Build.0 = Release|Any CPU
		{2675A3E8-A884-433C-A967-1E7E2F391FB3}.Debug|Any CPU.ActiveCfg = Debug|Any CPU
		{2675A3E8-A884-433C-A967-1E7E2F391FB3}.Debug|Any CPU.Build.0 = Debug|Any CPU
		{2675A3E8-A884-433C-A967-1E7E2F391FB3}.Release|Any CPU.ActiveCfg = Release|Any CPU
		{2675A3E8-A884-433C-A967-1E7E2F391FB3}.Release|Any CPU.Build.0 = Release|Any CPU
	EndGlobalSection
	GlobalSection(SolutionProperties) = preSolution
		HideSolutionNode = FALSE
	EndGlobalSection
	GlobalSection(NestedProjects) = preSolution
		{55498956-FD27-431A-BECC-092A5F1EC64A} = {2A7D85C7-28DD-4BDF-993F-247DC062C426}
		{B200367A-90C1-4174-A41E-42F484B605C8} = {2A7D85C7-28DD-4BDF-993F-247DC062C426}
		{3855FFAE-95B8-4F4E-A98A-0AE943675671} = {7E4F7F24-446B-42F1-99C4-C39A4B8B852E}
		{F7EF8541-DE03-4AC4-9A20-5EEA57E17776} = {5A45BCD0-B29C-4E21-91E5-E06EF53C3E32}
		{CCEC6154-D28A-4CE3-B8DD-F50E3500CC3A} = {5A45BCD0-B29C-4E21-91E5-E06EF53C3E32}
		{4D7850A1-ADFA-4042-91D9-D4CE88D4DAAB} = {5A45BCD0-B29C-4E21-91E5-E06EF53C3E32}
		{93EABEE0-7163-4DA9-82D0-270763D1FF46} = {687A5FA8-3430-4727-AF82-47AE3CA952A7}
		{AE4207A7-7596-4043-8BC0-90BDB49B458A} = {B794B56B-E8D3-4871-8FB7-3B2076D75D2F}
		{946F98CD-1386-4580-AFC9-92E5388A171D} = {FABC4F2F-5632-4790-8817-2E7C1FA3A318}
		{F476347F-B102-450A-A332-76BB8FE27C15} = {5A45BCD0-B29C-4E21-91E5-E06EF53C3E32}
		{FA709450-41A1-4636-9959-427F3E085779} = {7E4F7F24-446B-42F1-99C4-C39A4B8B852E}
		{09FA3B61-E0F2-417A-9280-2F1597C562C3} = {7E4F7F24-446B-42F1-99C4-C39A4B8B852E}
		{2675A3E8-A884-433C-A967-1E7E2F391FB3} = {7E4F7F24-446B-42F1-99C4-C39A4B8B852E}
	EndGlobalSection
	GlobalSection(ExtensibilityGlobals) = postSolution
		SolutionGuid = {A4BC0AAD-419E-487A-A2A7-F41C1FFAAA2D}
	EndGlobalSection
EndGlobal
